
Microsoft Visual Studio Solution File, Format Version 12.00
# Visual Studio 15
VisualStudioVersion = 15.0.28307.705
MinimumVisualStudioVersion = 10.0.40219.1
Project("{8BC9CEB8-8B4A-11D0-8D11-00A0C91BC942}") = "BBlSort", "BBlSort\BBlSort.vcxproj", "{665FB7F9-BDBA-4AA1-A01E-E41B56609319}"
EndProject
Global
	GlobalSection(SolutionConfigurationPlatforms) = preSolution
		Debug|x64 = Debug|x64
		Debug|x86 = Debug|x86
		Release|x64 = Release|x64
		Release|x86 = Release|x86
	EndGlobalSection
	GlobalSection(ProjectConfigurationPlatforms) = postSolution
		{665FB7F9-BDBA-4AA1-A01E-E41B56609319}.Debug|x64.ActiveCfg = Debug|x64
		{665FB7F9-BDBA-4AA1-A01E-E41B56609319}.Debug|x64.Build.0 = Debug|x64
		{665FB7F9-BDBA-4AA1-A01E-E41B56609319}.Debug|x86.ActiveCfg = Debug|Win32
		{665FB7F9-BDBA-4AA1-A01E-E41B56609319}.Debug|x86.Build.0 = Debug|Win32
		{665FB7F9-BDBA-4AA1-A01E-E41B56609319}.Release|x64.ActiveCfg = Release|x64
		{665FB7F9-BDBA-4AA1-A01E-E41B56609319}.Release|x64.Build.0 = Release|x64
		{665FB7F9-BDBA-4AA1-A01E-E41B56609319}.Release|x86.ActiveCfg = Release|Win32
		{665FB7F9-BDBA-4AA1-A01E-E41B56609319}.Release|x86.Build.0 = Release|Win32
	EndGlobalSection
	GlobalSection(SolutionProperties) = preSolution
		HideSolutionNode = FALSE
	EndGlobalSection
	GlobalSection(ExtensibilityGlobals) = postSolution
		SolutionGuid = {A0E0E6D4-9EEB-4631-8AE3-22CC5D9C9DCA}
	EndGlobalSection
EndGlobal
